
Microsoft Visual Studio Solution File, Format Version 12.00
# Visual Studio Version 17
VisualStudioVersion = 17.5.002.0
MinimumVisualStudioVersion = 10.0.40219.1
Project("{9A19103F-16F7-4668-BE54-9A1E7A4F7556}") = "DIExample", "DIExample.csproj", "{F4D4CEF0-EC3C-4952-8F7B-8F98037B2D60}"
EndProject
Global
	GlobalSection(SolutionConfigurationPlatforms) = preSolution
		Debug|Any CPU = Debug|Any CPU
		Release|Any CPU = Release|Any CPU
	EndGlobalSection
	GlobalSection(ProjectConfigurationPlatforms) = postSolution
		{F4D4CEF0-EC3C-4952-8F7B-8F98037B2D60}.Debug|Any CPU.ActiveCfg = Debug|Any CPU
		{F4D4CEF0-EC3C-4952-8F7B-8F98037B2D60}.Debug|Any CPU.Build.0 = Debug|Any CPU
		{F4D4CEF0-EC3C-4952-8F7B-8F98037B2D60}.Release|Any CPU.ActiveCfg = Release|Any CPU
		{F4D4CEF0-EC3C-4952-8F7B-8F98037B2D60}.Release|Any CPU.Build.0 = Release|Any CPU
	EndGlobalSection
	GlobalSection(SolutionProperties) = preSolution
		HideSolutionNode = FALSE
	EndGlobalSection
	GlobalSection(ExtensibilityGlobals) = postSolution
		SolutionGuid = {0C6CFEDC-7058-468D-BFC9-EEF02A2B6AFB}
	EndGlobalSection
EndGlobal
